
Microsoft Visual Studio Solution File, Format Version 12.00
# Visual Studio Version 16
VisualStudioVersion = 16.0.30907.101
MinimumVisualStudioVersion = 10.0.40219.1
Project("{FAE04EC0-301F-11D3-BF4B-00C04F79EFBC}") = "ConexionBDLibros", "ConexionBDLibros\ConexionBDLibros.csproj", "{BB26DADA-F3D8-4B09-A770-26A7311E7762}"
EndProject
Global
	GlobalSection(SolutionConfigurationPlatforms) = preSolution
		Debug|Any CPU = Debug|Any CPU
		Release|Any CPU = Release|Any CPU
	EndGlobalSection
	GlobalSection(ProjectConfigurationPlatforms) = postSolution
		{BB26DADA-F3D8-4B09-A770-26A7311E7762}.Debug|Any CPU.ActiveCfg = Debug|Any CPU
		{BB26DADA-F3D8-4B09-A770-26A7311E7762}.Debug|Any CPU.Build.0 = Debug|Any CPU
		{BB26DADA-F3D8-4B09-A770-26A7311E7762}.Release|Any CPU.ActiveCfg = Release|Any CPU
		{BB26DADA-F3D8-4B09-A770-26A7311E7762}.Release|Any CPU.Build.0 = Release|Any CPU
	EndGlobalSection
	GlobalSection(SolutionProperties) = preSolution
		HideSolutionNode = FALSE
	EndGlobalSection
	GlobalSection(ExtensibilityGlobals) = postSolution
		SolutionGuid = {0DF039A0-04E0-4024-BAE5-742963F7031A}
	EndGlobalSection
EndGlobal
